
Microsoft Visual Studio Solution File, Format Version 12.00
# Visual Studio Version 17
VisualStudioVersion = 17.8.34511.84
MinimumVisualStudioVersion = 10.0.40219.1
Project("{FAE04EC0-301F-11D3-BF4B-00C04F79EFBC}") = "Biblioteca.Api", "Biblioteca.Api\Biblioteca.Api.csproj", "{D15C8F59-16B5-4565-AE3D-8BDE0EB03CC3}"
EndProject
Project("{FAE04EC0-301F-11D3-BF4B-00C04F79EFBC}") = "Biblioteca.Common", "Biblioteca.Common\Biblioteca.Common.csproj", "{9273B288-A651-42FD-8393-822593F30A5D}"
EndProject
Project("{FAE04EC0-301F-11D3-BF4B-00C04F79EFBC}") = "Biblioteca.Service", "Biblioteca.Service\Biblioteca.Service.csproj", "{10D5BC6F-1E45-4A24-92AA-E64D3083B462}"
EndProject
Project("{FAE04EC0-301F-11D3-BF4B-00C04F79EFBC}") = "Biblioteca.Data.EntityFramework", "Biblioteca.Data.EntityFramework\Biblioteca.Data.EntityFramework.csproj", "{B44AB26C-71C8-4DCB-B812-1A5C0FA20E7F}"
EndProject
Global
	GlobalSection(SolutionConfigurationPlatforms) = preSolution
		Debug|Any CPU = Debug|Any CPU
		Release|Any CPU = Release|Any CPU
	EndGlobalSection
	GlobalSection(ProjectConfigurationPlatforms) = postSolution
		{D15C8F59-16B5-4565-AE3D-8BDE0EB03CC3}.Debug|Any CPU.ActiveCfg = Debug|Any CPU
		{D15C8F59-16B5-4565-AE3D-8BDE0EB03CC3}.Debug|Any CPU.Build.0 = Debug|Any CPU
		{D15C8F59-16B5-4565-AE3D-8BDE0EB03CC3}.Release|Any CPU.ActiveCfg = Release|Any CPU
		{D15C8F59-16B5-4565-AE3D-8BDE0EB03CC3}.Release|Any CPU.Build.0 = Release|Any CPU
		{9273B288-A651-42FD-8393-822593F30A5D}.Debug|Any CPU.ActiveCfg = Debug|Any CPU
		{9273B288-A651-42FD-8393-822593F30A5D}.Debug|Any CPU.Build.0 = Debug|Any CPU
		{9273B288-A651-42FD-8393-822593F30A5D}.Release|Any CPU.ActiveCfg = Release|Any CPU
		{9273B288-A651-42FD-8393-822593F30A5D}.Release|Any CPU.Build.0 = Release|Any CPU
		{10D5BC6F-1E45-4A24-92AA-E64D3083B462}.Debug|Any CPU.ActiveCfg = Debug|Any CPU
		{10D5BC6F-1E45-4A24-92AA-E64D3083B462}.Debug|Any CPU.Build.0 = Debug|Any CPU
		{10D5BC6F-1E45-4A24-92AA-E64D3083B462}.Release|Any CPU.ActiveCfg = Release|Any CPU
		{10D5BC6F-1E45-4A24-92AA-E64D3083B462}.Release|Any CPU.Build.0 = Release|Any CPU
		{B44AB26C-71C8-4DCB-B812-1A5C0FA20E7F}.Debug|Any CPU.ActiveCfg = Debug|Any CPU
		{B44AB26C-71C8-4DCB-B812-1A5C0FA20E7F}.Debug|Any CPU.Build.0 = Debug|Any CPU
		{B44AB26C-71C8-4DCB-B812-1A5C0FA20E7F}.Release|Any CPU.ActiveCfg = Release|Any CPU
		{B44AB26C-71C8-4DCB-B812-1A5C0FA20E7F}.Release|Any CPU.Build.0 = Release|Any CPU
	EndGlobalSection
	GlobalSection(SolutionProperties) = preSolution
		HideSolutionNode = FALSE
	EndGlobalSection
	GlobalSection(ExtensibilityGlobals) = postSolution
		SolutionGuid = {C50B73F2-4830-4B28-A54B-E842E9DA15A1}
	EndGlobalSection
EndGlobal
